
Microsoft Visual Studio Solution File, Format Version 12.00
# Visual Studio Version 16
VisualStudioVersion = 16.0.30413.136
MinimumVisualStudioVersion = 10.0.40219.1
Project("{888888A0-9F3D-457C-B088-3A5042F75D52}") = "weatherapp", "weatherapp\weatherapp.pyproj", "{7CB0487B-D1C4-42AB-9415-D99069C7769B}"
EndProject
Global
	GlobalSection(SolutionConfigurationPlatforms) = preSolution
		Debug|Any CPU = Debug|Any CPU
		Release|Any CPU = Release|Any CPU
	EndGlobalSection
	GlobalSection(ProjectConfigurationPlatforms) = postSolution
		{7CB0487B-D1C4-42AB-9415-D99069C7769B}.Debug|Any CPU.ActiveCfg = Debug|Any CPU
		{7CB0487B-D1C4-42AB-9415-D99069C7769B}.Debug|Any CPU.Build.0 = Debug|Any CPU
		{7CB0487B-D1C4-42AB-9415-D99069C7769B}.Release|Any CPU.ActiveCfg = Release|Any CPU
		{7CB0487B-D1C4-42AB-9415-D99069C7769B}.Release|Any CPU.Build.0 = Release|Any CPU
	EndGlobalSection
	GlobalSection(SolutionProperties) = preSolution
		HideSolutionNode = FALSE
	EndGlobalSection
	GlobalSection(ExtensibilityGlobals) = postSolution
		SolutionGuid = {AE13E71A-050B-44A7-8441-0BE2256075F1}
	EndGlobalSection
EndGlobal
